
Microsoft Visual Studio Solution File, Format Version 12.00
# Visual Studio 14
VisualStudioVersion = 14.0.25420.1
MinimumVisualStudioVersion = 10.0.40219.1
Project("{FAE04EC0-301F-11D3-BF4B-00C04F79EFBC}") = "Statecraft.Services", "Statecraft.Services\Statecraft.Services.csproj", "{2621D8EF-B23F-4501-AA4D-751856D6F2E3}"
EndProject
Project("{FAE04EC0-301F-11D3-BF4B-00C04F79EFBC}") = "Statecraft.Services.Tests", "Statecraft.Services.Tests\Statecraft.Services.Tests.csproj", "{87F3B2A1-8DC2-4460-98FE-A15B030A5F84}"
EndProject
Project("{FAE04EC0-301F-11D3-BF4B-00C04F79EFBC}") = "Statecraft.Common", "Statecraft.Common\Statecraft.Common.csproj", "{70EF42C5-4A7D-479B-9425-3E4C23B81CFC}"
EndProject
Project("{FAE04EC0-301F-11D3-BF4B-00C04F79EFBC}") = "Statecraft.App", "Statecraft.App\Statecraft.App.csproj", "{A567FFF8-FFCA-404F-B050-D952EE9DBC02}"
EndProject
Project("{FAE04EC0-301F-11D3-BF4B-00C04F79EFBC}") = "Statecraft.GameLogic", "Statecraft.GameLogic\Statecraft.GameLogic.csproj", "{570E8483-5D42-4141-B82F-175AC7B403B8}"
EndProject
Project("{E24C65DC-7377-472B-9ABA-BC803B73C61A}") = "WebApp", "WebApp\", "{CC86AA88-CA3F-4F94-818D-28D05F9C3941}"
	ProjectSection(WebsiteProperties) = preProject
		TargetFrameworkMoniker = ".NETFramework,Version%3Dv4.0"
		Debug.AspNetCompiler.VirtualPath = "/localhost_58475"
		Debug.AspNetCompiler.PhysicalPath = "WebApp\"
		Debug.AspNetCompiler.TargetPath = "PrecompiledWeb\localhost_58475\"
		Debug.AspNetCompiler.Updateable = "true"
		Debug.AspNetCompiler.ForceOverwrite = "true"
		Debug.AspNetCompiler.FixedNames = "false"
		Debug.AspNetCompiler.Debug = "True"
		Release.AspNetCompiler.VirtualPath = "/localhost_58475"
		Release.AspNetCompiler.PhysicalPath = "WebApp\"
		Release.AspNetCompiler.TargetPath = "PrecompiledWeb\localhost_58475\"
		Release.AspNetCompiler.Updateable = "true"
		Release.AspNetCompiler.ForceOverwrite = "true"
		Release.AspNetCompiler.FixedNames = "false"
		Release.AspNetCompiler.Debug = "False"
		VWDPort = "58475"
		SlnRelativePath = "WebApp\"
	EndProjectSection
EndProject
Global
	GlobalSection(SolutionConfigurationPlatforms) = preSolution
		Debug|Any CPU = Debug|Any CPU
		Release|Any CPU = Release|Any CPU
	EndGlobalSection
	GlobalSection(ProjectConfigurationPlatforms) = postSolution
		{2621D8EF-B23F-4501-AA4D-751856D6F2E3}.Debug|Any CPU.ActiveCfg = Debug|Any CPU
		{2621D8EF-B23F-4501-AA4D-751856D6F2E3}.Debug|Any CPU.Build.0 = Debug|Any CPU
		{2621D8EF-B23F-4501-AA4D-751856D6F2E3}.Release|Any CPU.ActiveCfg = Release|Any CPU
		{2621D8EF-B23F-4501-AA4D-751856D6F2E3}.Release|Any CPU.Build.0 = Release|Any CPU
		{87F3B2A1-8DC2-4460-98FE-A15B030A5F84}.Debug|Any CPU.ActiveCfg = Debug|Any CPU
		{87F3B2A1-8DC2-4460-98FE-A15B030A5F84}.Debug|Any CPU.Build.0 = Debug|Any CPU
		{87F3B2A1-8DC2-4460-98FE-A15B030A5F84}.Release|Any CPU.ActiveCfg = Release|Any CPU
		{87F3B2A1-8DC2-4460-98FE-A15B030A5F84}.Release|Any CPU.Build.0 = Release|Any CPU
		{70EF42C5-4A7D-479B-9425-3E4C23B81CFC}.Debug|Any CPU.ActiveCfg = Debug|Any CPU
		{70EF42C5-4A7D-479B-9425-3E4C23B81CFC}.Debug|Any CPU.Build.0 = Debug|Any CPU
		{70EF42C5-4A7D-479B-9425-3E4C23B81CFC}.Release|Any CPU.ActiveCfg = Release|Any CPU
		{70EF42C5-4A7D-479B-9425-3E4C23B81CFC}.Release|Any CPU.Build.0 = Release|Any CPU
		{A567FFF8-FFCA-404F-B050-D952EE9DBC02}.Debug|Any CPU.ActiveCfg = Debug|Any CPU
		{A567FFF8-FFCA-404F-B050-D952EE9DBC02}.Debug|Any CPU.Build.0 = Debug|Any CPU
		{A567FFF8-FFCA-404F-B050-D952EE9DBC02}.Debug|Any CPU.Deploy.0 = Debug|Any CPU
		{A567FFF8-FFCA-404F-B050-D952EE9DBC02}.Release|Any CPU.ActiveCfg = Release|Any CPU
		{A567FFF8-FFCA-404F-B050-D952EE9DBC02}.Release|Any CPU.Build.0 = Release|Any CPU
		{A567FFF8-FFCA-404F-B050-D952EE9DBC02}.Release|Any CPU.Deploy.0 = Release|Any CPU
		{570E8483-5D42-4141-B82F-175AC7B403B8}.Debug|Any CPU.ActiveCfg = Debug|Any CPU
		{570E8483-5D42-4141-B82F-175AC7B403B8}.Debug|Any CPU.Build.0 = Debug|Any CPU
		{570E8483-5D42-4141-B82F-175AC7B403B8}.Release|Any CPU.ActiveCfg = Release|Any CPU
		{570E8483-5D42-4141-B82F-175AC7B403B8}.Release|Any CPU.Build.0 = Release|Any CPU
		{CC86AA88-CA3F-4F94-818D-28D05F9C3941}.Debug|Any CPU.ActiveCfg = Debug|Any CPU
		{CC86AA88-CA3F-4F94-818D-28D05F9C3941}.Debug|Any CPU.Build.0 = Debug|Any CPU
		{CC86AA88-CA3F-4F94-818D-28D05F9C3941}.Release|Any CPU.ActiveCfg = Debug|Any CPU
		{CC86AA88-CA3F-4F94-818D-28D05F9C3941}.Release|Any CPU.Build.0 = Debug|Any CPU
	EndGlobalSection
	GlobalSection(SolutionProperties) = preSolution
		HideSolutionNode = FALSE
	EndGlobalSection
EndGlobal
