
Microsoft Visual Studio Solution File, Format Version 12.00
# Visual Studio 14
VisualStudioVersion = 14.0.25420.1
MinimumVisualStudioVersion = 10.0.40219.1
Project("{FAE04EC0-301F-11D3-BF4B-00C04F79EFBC}") = "Statecraft.Services", "Statecraft.Services\Statecraft.Services.csproj", "{2621D8EF-B23F-4501-AA4D-751856D6F2E3}"
EndProject
Project("{FAE04EC0-301F-11D3-BF4B-00C04F79EFBC}") = "Statecraft.Services.Tests", "Statecraft.Services.Tests\Statecraft.Services.Tests.csproj", "{87F3B2A1-8DC2-4460-98FE-A15B030A5F84}"
EndProject
Project("{FAE04EC0-301F-11D3-BF4B-00C04F79EFBC}") = "Statecraft.Common", "Statecraft.Common\Statecraft.Common.csproj", "{70EF42C5-4A7D-479B-9425-3E4C23B81CFC}"
EndProject
Project("{FAE04EC0-301F-11D3-BF4B-00C04F79EFBC}") = "Statecraft.App", "Statecraft.App\Statecraft.App.csproj", "{A567FFF8-FFCA-404F-B050-D952EE9DBC02}"
EndProject
Project("{FAE04EC0-301F-11D3-BF4B-00C04F79EFBC}") = "Statecraft.GameLogic", "Statecraft.GameLogic\Statecraft.GameLogic.csproj", "{570E8483-5D42-4141-B82F-175AC7B403B8}"
EndProject
Project("{2150E333-8FDC-42A3-9474-1A3956D46DE8}") = "Tests", "Tests", "{124E9F25-5B8F-4A5F-BF66-CF8EA51560A7}"
EndProject
Project("{FAE04EC0-301F-11D3-BF4B-00C04F79EFBC}") = "Statecraft.GameLogic.Tests", "Statecraft.GameLogic.Tests\Statecraft.GameLogic.Tests.csproj", "{C6D9B0B9-F18B-4966-B16E-1CD59F10ACB2}"
EndProject
Global
	GlobalSection(SolutionConfigurationPlatforms) = preSolution
		Debug|Any CPU = Debug|Any CPU
		Release|Any CPU = Release|Any CPU
	EndGlobalSection
	GlobalSection(ProjectConfigurationPlatforms) = postSolution
		{2621D8EF-B23F-4501-AA4D-751856D6F2E3}.Debug|Any CPU.ActiveCfg = Debug|Any CPU
		{2621D8EF-B23F-4501-AA4D-751856D6F2E3}.Debug|Any CPU.Build.0 = Debug|Any CPU
		{2621D8EF-B23F-4501-AA4D-751856D6F2E3}.Release|Any CPU.ActiveCfg = Release|Any CPU
		{2621D8EF-B23F-4501-AA4D-751856D6F2E3}.Release|Any CPU.Build.0 = Release|Any CPU
		{87F3B2A1-8DC2-4460-98FE-A15B030A5F84}.Debug|Any CPU.ActiveCfg = Debug|Any CPU
		{87F3B2A1-8DC2-4460-98FE-A15B030A5F84}.Debug|Any CPU.Build.0 = Debug|Any CPU
		{87F3B2A1-8DC2-4460-98FE-A15B030A5F84}.Release|Any CPU.ActiveCfg = Release|Any CPU
		{87F3B2A1-8DC2-4460-98FE-A15B030A5F84}.Release|Any CPU.Build.0 = Release|Any CPU
		{70EF42C5-4A7D-479B-9425-3E4C23B81CFC}.Debug|Any CPU.ActiveCfg = Debug|Any CPU
		{70EF42C5-4A7D-479B-9425-3E4C23B81CFC}.Debug|Any CPU.Build.0 = Debug|Any CPU
		{70EF42C5-4A7D-479B-9425-3E4C23B81CFC}.Release|Any CPU.ActiveCfg = Release|Any CPU
		{70EF42C5-4A7D-479B-9425-3E4C23B81CFC}.Release|Any CPU.Build.0 = Release|Any CPU
		{A567FFF8-FFCA-404F-B050-D952EE9DBC02}.Debug|Any CPU.ActiveCfg = Debug|Any CPU
		{A567FFF8-FFCA-404F-B050-D952EE9DBC02}.Debug|Any CPU.Build.0 = Debug|Any CPU
		{A567FFF8-FFCA-404F-B050-D952EE9DBC02}.Debug|Any CPU.Deploy.0 = Debug|Any CPU
		{A567FFF8-FFCA-404F-B050-D952EE9DBC02}.Release|Any CPU.ActiveCfg = Release|Any CPU
		{A567FFF8-FFCA-404F-B050-D952EE9DBC02}.Release|Any CPU.Build.0 = Release|Any CPU
		{A567FFF8-FFCA-404F-B050-D952EE9DBC02}.Release|Any CPU.Deploy.0 = Release|Any CPU
		{570E8483-5D42-4141-B82F-175AC7B403B8}.Debug|Any CPU.ActiveCfg = Debug|Any CPU
		{570E8483-5D42-4141-B82F-175AC7B403B8}.Debug|Any CPU.Build.0 = Debug|Any CPU
		{570E8483-5D42-4141-B82F-175AC7B403B8}.Release|Any CPU.ActiveCfg = Release|Any CPU
		{570E8483-5D42-4141-B82F-175AC7B403B8}.Release|Any CPU.Build.0 = Release|Any CPU
		{C6D9B0B9-F18B-4966-B16E-1CD59F10ACB2}.Debug|Any CPU.ActiveCfg = Debug|Any CPU
		{C6D9B0B9-F18B-4966-B16E-1CD59F10ACB2}.Debug|Any CPU.Build.0 = Debug|Any CPU
		{C6D9B0B9-F18B-4966-B16E-1CD59F10ACB2}.Release|Any CPU.ActiveCfg = Release|Any CPU
		{C6D9B0B9-F18B-4966-B16E-1CD59F10ACB2}.Release|Any CPU.Build.0 = Release|Any CPU
	EndGlobalSection
	GlobalSection(SolutionProperties) = preSolution
		HideSolutionNode = FALSE
	EndGlobalSection
	GlobalSection(NestedProjects) = preSolution
		{87F3B2A1-8DC2-4460-98FE-A15B030A5F84} = {124E9F25-5B8F-4A5F-BF66-CF8EA51560A7}
		{C6D9B0B9-F18B-4966-B16E-1CD59F10ACB2} = {124E9F25-5B8F-4A5F-BF66-CF8EA51560A7}
	EndGlobalSection
EndGlobal
